// !$*UTF8*$!
{
	archiveVersion = 1;
	classes = {
	};
	objectVersion = 48;
	objects = {

/* Begin PBXBuildFile section */
		0429431D204D7FFB0019BFFA /* Main.storyboard in Resources */ = {isa = PBXBuildFile; fileRef = 0429431B204D7FFB0019BFFA /* Main.storyboard */; };
		0429431F204D7FFB0019BFFA /* Assets.xcassets in Resources */ = {isa = PBXBuildFile; fileRef = 0429431E204D7FFB0019BFFA /* Assets.xcassets */; };
		04294322204D7FFB0019BFFA /* LaunchScreen.storyboard in Resources */ = {isa = PBXBuildFile; fileRef = 04294320204D7FFB0019BFFA /* LaunchScreen.storyboard */; };
		0429432D204D7FFB0019BFFA /* WXLAppTests.swift in Sources */ = {isa = PBXBuildFile; fileRef = 0429432C204D7FFB0019BFFA /* WXLAppTests.swift */; };
		04294338204D7FFB0019BFFA /* WXLAppUITests.swift in Sources */ = {isa = PBXBuildFile; fileRef = 04294337204D7FFB0019BFFA /* WXLAppUITests.swift */; };
		04294358204D861E0019BFFA /* AppDelegate.swift in Sources */ = {isa = PBXBuildFile; fileRef = 04294346204D861D0019BFFA /* AppDelegate.swift */; };
		04294359204D861E0019BFFA /* ArrayExtensions.swift in Sources */ = {isa = PBXBuildFile; fileRef = 0429434E204D861E0019BFFA /* ArrayExtensions.swift */; };
		0429435A204D861E0019BFFA /* DictionaryExtension.swift in Sources */ = {isa = PBXBuildFile; fileRef = 0429434F204D861E0019BFFA /* DictionaryExtension.swift */; };
		0429435B204D861E0019BFFA /* DispatchQueueExtension.swift in Sources */ = {isa = PBXBuildFile; fileRef = 04294350204D861E0019BFFA /* DispatchQueueExtension.swift */; };
		0429435C204D861E0019BFFA /* StringExtension.swift in Sources */ = {isa = PBXBuildFile; fileRef = 04294351204D861E0019BFFA /* StringExtension.swift */; };
		0429435D204D861E0019BFFA /* UIBarButtonItemExtension.swift in Sources */ = {isa = PBXBuildFile; fileRef = 04294352204D861E0019BFFA /* UIBarButtonItemExtension.swift */; };
		0429435E204D861E0019BFFA /* UIColorExtension.swift in Sources */ = {isa = PBXBuildFile; fileRef = 04294353204D861E0019BFFA /* UIColorExtension.swift */; };
		0429435F204D861E0019BFFA /* UIDeviceExtension.swift in Sources */ = {isa = PBXBuildFile; fileRef = 04294354204D861E0019BFFA /* UIDeviceExtension.swift */; };
		04294360204D861E0019BFFA /* UIImageExtensions.swift in Sources */ = {isa = PBXBuildFile; fileRef = 04294355204D861E0019BFFA /* UIImageExtensions.swift */; };
		04294361204D861E0019BFFA /* UIViewExtension.swift in Sources */ = {isa = PBXBuildFile; fileRef = 04294356204D861E0019BFFA /* UIViewExtension.swift */; };
		04294371204D8EB00019BFFA /* UBaseViewController.swift in Sources */ = {isa = PBXBuildFile; fileRef = 0429436C204D8EB00019BFFA /* UBaseViewController.swift */; };
		04294372204D8EB00019BFFA /* UNavigationController.swift in Sources */ = {isa = PBXBuildFile; fileRef = 0429436D204D8EB00019BFFA /* UNavigationController.swift */; };
		04294373204D8EB00019BFFA /* UWebViewController.swift in Sources */ = {isa = PBXBuildFile; fileRef = 0429436E204D8EB00019BFFA /* UWebViewController.swift */; };
		04294374204D8EB00019BFFA /* UTabBarController.swift in Sources */ = {isa = PBXBuildFile; fileRef = 0429436F204D8EB00019BFFA /* UTabBarController.swift */; };
		04294375204D8EB00019BFFA /* UPageViewController.swift in Sources */ = {isa = PBXBuildFile; fileRef = 04294370204D8EB00019BFFA /* UPageViewController.swift */; };
		04294377204D8FE90019BFFA /* Global.swift in Sources */ = {isa = PBXBuildFile; fileRef = 04294376204D8FE90019BFFA /* Global.swift */; };
		0429438C204D90DD0019BFFA /* URefresh.swift in Sources */ = {isa = PBXBuildFile; fileRef = 04294379204D90DD0019BFFA /* URefresh.swift */; };
		0429438D204D90DD0019BFFA /* UIBarButtonItemFixSpace.swift in Sources */ = {isa = PBXBuildFile; fileRef = 0429437B204D90DD0019BFFA /* UIBarButtonItemFixSpace.swift */; };
		0429438E204D90DD0019BFFA /* ConstraintArray+Extensions.swift in Sources */ = {isa = PBXBuildFile; fileRef = 0429437D204D90DD0019BFFA /* ConstraintArray+Extensions.swift */; };
		0429438F204D90DD0019BFFA /* ConstraintArrayDSL.swift in Sources */ = {isa = PBXBuildFile; fileRef = 0429437E204D90DD0019BFFA /* ConstraintArrayDSL.swift */; };
		04294390204D90DD0019BFFA /* UHairPowder.swift in Sources */ = {isa = PBXBuildFile; fileRef = 04294380204D90DD0019BFFA /* UHairPowder.swift */; };
		04294391204D90DD0019BFFA /* UCollectionViewAlignedLayout.swift in Sources */ = {isa = PBXBuildFile; fileRef = 04294382204D90DD0019BFFA /* UCollectionViewAlignedLayout.swift */; };
		04294392204D90DD0019BFFA /* UCollectionViewSectionBackgroundLayout.swift in Sources */ = {isa = PBXBuildFile; fileRef = 04294383204D90DD0019BFFA /* UCollectionViewSectionBackgroundLayout.swift */; };
		04294393204D90DD0019BFFA /* UNoticeBar.swift in Sources */ = {isa = PBXBuildFile; fileRef = 04294385204D90DD0019BFFA /* UNoticeBar.swift */; };
		04294394204D90DD0019BFFA /* ParallaxHeader.swift in Sources */ = {isa = PBXBuildFile; fileRef = 04294387204D90DD0019BFFA /* ParallaxHeader.swift */; };
		04294395204D90DD0019BFFA /* ParallaxHeaderMode.swift in Sources */ = {isa = PBXBuildFile; fileRef = 04294388204D90DD0019BFFA /* ParallaxHeaderMode.swift */; };
		04294396204D90DD0019BFFA /* UIScrollView+ParallaxHeader.swift in Sources */ = {isa = PBXBuildFile; fileRef = 04294389204D90DD0019BFFA /* UIScrollView+ParallaxHeader.swift */; };
		04294397204D90DD0019BFFA /* UEmptyDataSet.swift in Sources */ = {isa = PBXBuildFile; fileRef = 0429438B204D90DD0019BFFA /* UEmptyDataSet.swift */; };
		04317285204EC99E00BF854F /* UArticleViewController.swift in Sources */ = {isa = PBXBuildFile; fileRef = 04317284204EC99E00BF854F /* UArticleViewController.swift */; };
		04317287204EC9F000BF854F /* UChatViewController.swift in Sources */ = {isa = PBXBuildFile; fileRef = 04317286204EC9F000BF854F /* UChatViewController.swift */; };
		04317289204ECA3F00BF854F /* ULiveViewController.swift in Sources */ = {isa = PBXBuildFile; fileRef = 04317288204ECA3F00BF854F /* ULiveViewController.swift */; };
		0431728B204ECA5D00BF854F /* UMineViewController.swift in Sources */ = {isa = PBXBuildFile; fileRef = 0431728A204ECA5D00BF854F /* UMineViewController.swift */; };
		0431728D204ECDBC00BF854F /* UNewArtViewController.swift in Sources */ = {isa = PBXBuildFile; fileRef = 0431728C204ECDBC00BF854F /* UNewArtViewController.swift */; };
		0431728F204ECDCC00BF854F /* UHotArtViewController.swift in Sources */ = {isa = PBXBuildFile; fileRef = 0431728E204ECDCC00BF854F /* UHotArtViewController.swift */; };
		04317291204ECDDB00BF854F /* UBoutiqueViewController.swift in Sources */ = {isa = PBXBuildFile; fileRef = 04317290204ECDDB00BF854F /* UBoutiqueViewController.swift */; };
		04317293204ECF5B00BF854F /* UHotLiveViewController.swift in Sources */ = {isa = PBXBuildFile; fileRef = 04317292204ECF5B00BF854F /* UHotLiveViewController.swift */; };
		04317295204ECF6C00BF854F /* UNewLiveViewController.swift in Sources */ = {isa = PBXBuildFile; fileRef = 04317294204ECF6C00BF854F /* UNewLiveViewController.swift */; };
		96B998B724830BCC38D2AFD2 /* Pods_WXLApp.framework in Frameworks */ = {isa = PBXBuildFile; fileRef = 748619052F62059CF67FB1E4 /* Pods_WXLApp.framework */; };
/* End PBXBuildFile section */

/* Begin PBXContainerItemProxy section */
		04294329204D7FFB0019BFFA /* PBXContainerItemProxy */ = {
			isa = PBXContainerItemProxy;
			containerPortal = 0429430C204D7FFB0019BFFA /* Project object */;
			proxyType = 1;
			remoteGlobalIDString = 04294313204D7FFB0019BFFA;
			remoteInfo = WXLApp;
		};
		04294334204D7FFB0019BFFA /* PBXContainerItemProxy */ = {
			isa = PBXContainerItemProxy;
			containerPortal = 0429430C204D7FFB0019BFFA /* Project object */;
			proxyType = 1;
			remoteGlobalIDString = 04294313204D7FFB0019BFFA;
			remoteInfo = WXLApp;
		};
/* End PBXContainerItemProxy section */

/* Begin PBXFileReference section */
		04294314204D7FFB0019BFFA /* WXLApp.app */ = {isa = PBXFileReference; explicitFileType = wrapper.application; includeInIndex = 0; path = WXLApp.app; sourceTree = BUILT_PRODUCTS_DIR; };
		0429431C204D7FFB0019BFFA /* Base */ = {isa = PBXFileReference; lastKnownFileType = file.storyboard; name = Base; path = Base.lproj/Main.storyboard; sourceTree = "<group>"; };
		0429431E204D7FFB0019BFFA /* Assets.xcassets */ = {isa = PBXFileReference; lastKnownFileType = folder.assetcatalog; path = Assets.xcassets; sourceTree = "<group>"; };
		04294321204D7FFB0019BFFA /* Base */ = {isa = PBXFileReference; lastKnownFileType = file.storyboard; name = Base; path = Base.lproj/LaunchScreen.storyboard; sourceTree = "<group>"; };
		04294323204D7FFB0019BFFA /* Info.plist */ = {isa = PBXFileReference; lastKnownFileType = text.plist.xml; path = Info.plist; sourceTree = "<group>"; };
		04294328204D7FFB0019BFFA /* WXLAppTests.xctest */ = {isa = PBXFileReference; explicitFileType = wrapper.cfbundle; includeInIndex = 0; path = WXLAppTests.xctest; sourceTree = BUILT_PRODUCTS_DIR; };
		0429432C204D7FFB0019BFFA /* WXLAppTests.swift */ = {isa = PBXFileReference; lastKnownFileType = sourcecode.swift; path = WXLAppTests.swift; sourceTree = "<group>"; };
		0429432E204D7FFB0019BFFA /* Info.plist */ = {isa = PBXFileReference; lastKnownFileType = text.plist.xml; path = Info.plist; sourceTree = "<group>"; };
		04294333204D7FFB0019BFFA /* WXLAppUITests.xctest */ = {isa = PBXFileReference; explicitFileType = wrapper.cfbundle; includeInIndex = 0; path = WXLAppUITests.xctest; sourceTree = BUILT_PRODUCTS_DIR; };
		04294337204D7FFB0019BFFA /* WXLAppUITests.swift */ = {isa = PBXFileReference; lastKnownFileType = sourcecode.swift; path = WXLAppUITests.swift; sourceTree = "<group>"; };
		04294339204D7FFB0019BFFA /* Info.plist */ = {isa = PBXFileReference; lastKnownFileType = text.plist.xml; path = Info.plist; sourceTree = "<group>"; };
		04294346204D861D0019BFFA /* AppDelegate.swift */ = {isa = PBXFileReference; fileEncoding = 4; lastKnownFileType = sourcecode.swift; path = AppDelegate.swift; sourceTree = "<group>"; };
		0429434E204D861E0019BFFA /* ArrayExtensions.swift */ = {isa = PBXFileReference; fileEncoding = 4; lastKnownFileType = sourcecode.swift; path = ArrayExtensions.swift; sourceTree = "<group>"; };
		0429434F204D861E0019BFFA /* DictionaryExtension.swift */ = {isa = PBXFileReference; fileEncoding = 4; lastKnownFileType = sourcecode.swift; path = DictionaryExtension.swift; sourceTree = "<group>"; };
		04294350204D861E0019BFFA /* DispatchQueueExtension.swift */ = {isa = PBXFileReference; fileEncoding = 4; lastKnownFileType = sourcecode.swift; path = DispatchQueueExtension.swift; sourceTree = "<group>"; };
		04294351204D861E0019BFFA /* StringExtension.swift */ = {isa = PBXFileReference; fileEncoding = 4; lastKnownFileType = sourcecode.swift; path = StringExtension.swift; sourceTree = "<group>"; };
		04294352204D861E0019BFFA /* UIBarButtonItemExtension.swift */ = {isa = PBXFileReference; fileEncoding = 4; lastKnownFileType = sourcecode.swift; path = UIBarButtonItemExtension.swift; sourceTree = "<group>"; };
		04294353204D861E0019BFFA /* UIColorExtension.swift */ = {isa = PBXFileReference; fileEncoding = 4; lastKnownFileType = sourcecode.swift; path = UIColorExtension.swift; sourceTree = "<group>"; };
		04294354204D861E0019BFFA /* UIDeviceExtension.swift */ = {isa = PBXFileReference; fileEncoding = 4; lastKnownFileType = sourcecode.swift; path = UIDeviceExtension.swift; sourceTree = "<group>"; };
		04294355204D861E0019BFFA /* UIImageExtensions.swift */ = {isa = PBXFileReference; fileEncoding = 4; lastKnownFileType = sourcecode.swift; path = UIImageExtensions.swift; sourceTree = "<group>"; };
		04294356204D861E0019BFFA /* UIViewExtension.swift */ = {isa = PBXFileReference; fileEncoding = 4; lastKnownFileType = sourcecode.swift; path = UIViewExtension.swift; sourceTree = "<group>"; };
		0429436C204D8EB00019BFFA /* UBaseViewController.swift */ = {isa = PBXFileReference; fileEncoding = 4; lastKnownFileType = sourcecode.swift; path = UBaseViewController.swift; sourceTree = "<group>"; };
		0429436D204D8EB00019BFFA /* UNavigationController.swift */ = {isa = PBXFileReference; fileEncoding = 4; lastKnownFileType = sourcecode.swift; path = UNavigationController.swift; sourceTree = "<group>"; };
		0429436E204D8EB00019BFFA /* UWebViewController.swift */ = {isa = PBXFileReference; fileEncoding = 4; lastKnownFileType = sourcecode.swift; path = UWebViewController.swift; sourceTree = "<group>"; };
		0429436F204D8EB00019BFFA /* UTabBarController.swift */ = {isa = PBXFileReference; fileEncoding = 4; lastKnownFileType = sourcecode.swift; path = UTabBarController.swift; sourceTree = "<group>"; };
		04294370204D8EB00019BFFA /* UPageViewController.swift */ = {isa = PBXFileReference; fileEncoding = 4; lastKnownFileType = sourcecode.swift; path = UPageViewController.swift; sourceTree = "<group>"; };
		04294376204D8FE90019BFFA /* Global.swift */ = {isa = PBXFileReference; lastKnownFileType = sourcecode.swift; path = Global.swift; sourceTree = "<group>"; };
		04294379204D90DD0019BFFA /* URefresh.swift */ = {isa = PBXFileReference; fileEncoding = 4; lastKnownFileType = sourcecode.swift; path = URefresh.swift; sourceTree = "<group>"; };
		0429437B204D90DD0019BFFA /* UIBarButtonItemFixSpace.swift */ = {isa = PBXFileReference; fileEncoding = 4; lastKnownFileType = sourcecode.swift; path = UIBarButtonItemFixSpace.swift; sourceTree = "<group>"; };
		0429437D204D90DD0019BFFA /* ConstraintArray+Extensions.swift */ = {isa = PBXFileReference; fileEncoding = 4; lastKnownFileType = sourcecode.swift; path = "ConstraintArray+Extensions.swift"; sourceTree = "<group>"; };
		0429437E204D90DD0019BFFA /* ConstraintArrayDSL.swift */ = {isa = PBXFileReference; fileEncoding = 4; lastKnownFileType = sourcecode.swift; path = ConstraintArrayDSL.swift; sourceTree = "<group>"; };
		04294380204D90DD0019BFFA /* UHairPowder.swift */ = {isa = PBXFileReference; fileEncoding = 4; lastKnownFileType = sourcecode.swift; path = UHairPowder.swift; sourceTree = "<group>"; };
		04294382204D90DD0019BFFA /* UCollectionViewAlignedLayout.swift */ = {isa = PBXFileReference; fileEncoding = 4; lastKnownFileType = sourcecode.swift; path = UCollectionViewAlignedLayout.swift; sourceTree = "<group>"; };
		04294383204D90DD0019BFFA /* UCollectionViewSectionBackgroundLayout.swift */ = {isa = PBXFileReference; fileEncoding = 4; lastKnownFileType = sourcecode.swift; path = UCollectionViewSectionBackgroundLayout.swift; sourceTree = "<group>"; };
		04294385204D90DD0019BFFA /* UNoticeBar.swift */ = {isa = PBXFileReference; fileEncoding = 4; lastKnownFileType = sourcecode.swift; path = UNoticeBar.swift; sourceTree = "<group>"; };
		04294387204D90DD0019BFFA /* ParallaxHeader.swift */ = {isa = PBXFileReference; fileEncoding = 4; lastKnownFileType = sourcecode.swift; path = ParallaxHeader.swift; sourceTree = "<group>"; };
		04294388204D90DD0019BFFA /* ParallaxHeaderMode.swift */ = {isa = PBXFileReference; fileEncoding = 4; lastKnownFileType = sourcecode.swift; path = ParallaxHeaderMode.swift; sourceTree = "<group>"; };
		04294389204D90DD0019BFFA /* UIScrollView+ParallaxHeader.swift */ = {isa = PBXFileReference; fileEncoding = 4; lastKnownFileType = sourcecode.swift; path = "UIScrollView+ParallaxHeader.swift"; sourceTree = "<group>"; };
		0429438B204D90DD0019BFFA /* UEmptyDataSet.swift */ = {isa = PBXFileReference; fileEncoding = 4; lastKnownFileType = sourcecode.swift; path = UEmptyDataSet.swift; sourceTree = "<group>"; };
		04317284204EC99E00BF854F /* UArticleViewController.swift */ = {isa = PBXFileReference; lastKnownFileType = sourcecode.swift; path = UArticleViewController.swift; sourceTree = "<group>"; };
		04317286204EC9F000BF854F /* UChatViewController.swift */ = {isa = PBXFileReference; lastKnownFileType = sourcecode.swift; path = UChatViewController.swift; sourceTree = "<group>"; };
		04317288204ECA3F00BF854F /* ULiveViewController.swift */ = {isa = PBXFileReference; lastKnownFileType = sourcecode.swift; path = ULiveViewController.swift; sourceTree = "<group>"; };
		0431728A204ECA5D00BF854F /* UMineViewController.swift */ = {isa = PBXFileReference; lastKnownFileType = sourcecode.swift; path = UMineViewController.swift; sourceTree = "<group>"; };
		0431728C204ECDBC00BF854F /* UNewArtViewController.swift */ = {isa = PBXFileReference; lastKnownFileType = sourcecode.swift; path = UNewArtViewController.swift; sourceTree = "<group>"; };
		0431728E204ECDCC00BF854F /* UHotArtViewController.swift */ = {isa = PBXFileReference; lastKnownFileType = sourcecode.swift; path = UHotArtViewController.swift; sourceTree = "<group>"; };
		04317290204ECDDB00BF854F /* UBoutiqueViewController.swift */ = {isa = PBXFileReference; lastKnownFileType = sourcecode.swift; path = UBoutiqueViewController.swift; sourceTree = "<group>"; };
		04317292204ECF5B00BF854F /* UHotLiveViewController.swift */ = {isa = PBXFileReference; lastKnownFileType = sourcecode.swift; path = UHotLiveViewController.swift; sourceTree = "<group>"; };
		04317294204ECF6C00BF854F /* UNewLiveViewController.swift */ = {isa = PBXFileReference; lastKnownFileType = sourcecode.swift; path = UNewLiveViewController.swift; sourceTree = "<group>"; };
		748619052F62059CF67FB1E4 /* Pods_WXLApp.framework */ = {isa = PBXFileReference; explicitFileType = wrapper.framework; includeInIndex = 0; path = Pods_WXLApp.framework; sourceTree = BUILT_PRODUCTS_DIR; };
		D3260ECFB5F56022651B4423 /* Pods-WXLApp.release.xcconfig */ = {isa = PBXFileReference; includeInIndex = 1; lastKnownFileType = text.xcconfig; name = "Pods-WXLApp.release.xcconfig"; path = "Pods/Target Support Files/Pods-WXLApp/Pods-WXLApp.release.xcconfig"; sourceTree = "<group>"; };
		EC3A253BA5B5F97A97712AB6 /* Pods-WXLApp.debug.xcconfig */ = {isa = PBXFileReference; includeInIndex = 1; lastKnownFileType = text.xcconfig; name = "Pods-WXLApp.debug.xcconfig"; path = "Pods/Target Support Files/Pods-WXLApp/Pods-WXLApp.debug.xcconfig"; sourceTree = "<group>"; };
/* End PBXFileReference section */

/* Begin PBXFrameworksBuildPhase section */
		04294311204D7FFB0019BFFA /* Frameworks */ = {
			isa = PBXFrameworksBuildPhase;
			buildActionMask = 2147483647;
			files = (
				96B998B724830BCC38D2AFD2 /* Pods_WXLApp.framework in Frameworks */,
			);
			runOnlyForDeploymentPostprocessing = 0;
		};
		04294325204D7FFB0019BFFA /* Frameworks */ = {
			isa = PBXFrameworksBuildPhase;
			buildActionMask = 2147483647;
			files = (
			);
			runOnlyForDeploymentPostprocessing = 0;
		};
		04294330204D7FFB0019BFFA /* Frameworks */ = {
			isa = PBXFrameworksBuildPhase;
			buildActionMask = 2147483647;
			files = (
			);
			runOnlyForDeploymentPostprocessing = 0;
		};
/* End PBXFrameworksBuildPhase section */

/* Begin PBXGroup section */
		0429430B204D7FFB0019BFFA = {
			isa = PBXGroup;
			children = (
				04294316204D7FFB0019BFFA /* WXLApp */,
				0429432B204D7FFB0019BFFA /* WXLAppTests */,
				04294336204D7FFB0019BFFA /* WXLAppUITests */,
				04294315204D7FFB0019BFFA /* Products */,
				154ECBD8118A6A2E87480BB0 /* Pods */,
				312155204D4F57D6E9DC8F17 /* Frameworks */,
			);
			sourceTree = "<group>";
		};
		04294315204D7FFB0019BFFA /* Products */ = {
			isa = PBXGroup;
			children = (
				04294314204D7FFB0019BFFA /* WXLApp.app */,
				04294328204D7FFB0019BFFA /* WXLAppTests.xctest */,
				04294333204D7FFB0019BFFA /* WXLAppUITests.xctest */,
			);
			name = Products;
			sourceTree = "<group>";
		};
		04294316204D7FFB0019BFFA /* WXLApp */ = {
			isa = PBXGroup;
			children = (
				0429431B204D7FFB0019BFFA /* Main.storyboard */,
				0429431E204D7FFB0019BFFA /* Assets.xcassets */,
				04294320204D7FFB0019BFFA /* LaunchScreen.storyboard */,
				04294323204D7FFB0019BFFA /* Info.plist */,
				0429434B204D861D0019BFFA /* API */,
				0429434C204D861E0019BFFA /* Component */,
				0429434D204D861E0019BFFA /* Extension */,
				04294357204D861E0019BFFA /* Model */,
				04294345204D861D0019BFFA /* Procedure */,
			);
			path = WXLApp;
			sourceTree = "<group>";
		};
		0429432B204D7FFB0019BFFA /* WXLAppTests */ = {
			isa = PBXGroup;
			children = (
				0429432C204D7FFB0019BFFA /* WXLAppTests.swift */,
				0429432E204D7FFB0019BFFA /* Info.plist */,
			);
			path = WXLAppTests;
			sourceTree = "<group>";
		};
		04294336204D7FFB0019BFFA /* WXLAppUITests */ = {
			isa = PBXGroup;
			children = (
				04294337204D7FFB0019BFFA /* WXLAppUITests.swift */,
				04294339204D7FFB0019BFFA /* Info.plist */,
			);
			path = WXLAppUITests;
			sourceTree = "<group>";
		};
		04294345204D861D0019BFFA /* Procedure */ = {
			isa = PBXGroup;
			children = (
				04294346204D861D0019BFFA /* AppDelegate.swift */,
				04294376204D8FE90019BFFA /* Global.swift */,
				04294347204D861D0019BFFA /* Base */,
				04317274204EC7B000BF854F /* Chat */,
				04317278204EC7B000BF854F /* Article */,
				0431727C204EC7B100BF854F /* Live */,
				04317280204EC7B100BF854F /* Mine */,
			);
			path = Procedure;
			sourceTree = "<group>";
		};
		04294347204D861D0019BFFA /* Base */ = {
			isa = PBXGroup;
			children = (
				04294348204D861D0019BFFA /* View */,
				04294349204D861D0019BFFA /* ViewController */,
				0429434A204D861D0019BFFA /* ViewModel */,
			);
			path = Base;
			sourceTree = "<group>";
		};
		04294348204D861D0019BFFA /* View */ = {
			isa = PBXGroup;
			children = (
			);
			path = View;
			sourceTree = "<group>";
		};
		04294349204D861D0019BFFA /* ViewController */ = {
			isa = PBXGroup;
			children = (
				0429436C204D8EB00019BFFA /* UBaseViewController.swift */,
				0429436D204D8EB00019BFFA /* UNavigationController.swift */,
				04294370204D8EB00019BFFA /* UPageViewController.swift */,
				0429436F204D8EB00019BFFA /* UTabBarController.swift */,
				0429436E204D8EB00019BFFA /* UWebViewController.swift */,
			);
			path = ViewController;
			sourceTree = "<group>";
		};
		0429434A204D861D0019BFFA /* ViewModel */ = {
			isa = PBXGroup;
			children = (
			);
			path = ViewModel;
			sourceTree = "<group>";
		};
		0429434B204D861D0019BFFA /* API */ = {
			isa = PBXGroup;
			children = (
			);
			path = API;
			sourceTree = "<group>";
		};
		0429434C204D861E0019BFFA /* Component */ = {
			isa = PBXGroup;
			children = (
				0429437A204D90DD0019BFFA /* BarButtonItem */,
				04294381204D90DD0019BFFA /* CollectionViewLayout */,
				0429438A204D90DD0019BFFA /* EmptyDataSet */,
				0429437F204D90DD0019BFFA /* HairPowder */,
				04294384204D90DD0019BFFA /* NoticeBar */,
				04294386204D90DD0019BFFA /* ParallaxHeader */,
				04294378204D90DD0019BFFA /* Refresh */,
				0429437C204D90DD0019BFFA /* SnapKitExtension */,
			);
			path = Component;
			sourceTree = "<group>";
		};
		0429434D204D861E0019BFFA /* Extension */ = {
			isa = PBXGroup;
			children = (
				0429434E204D861E0019BFFA /* ArrayExtensions.swift */,
				0429434F204D861E0019BFFA /* DictionaryExtension.swift */,
				04294350204D861E0019BFFA /* DispatchQueueExtension.swift */,
				04294351204D861E0019BFFA /* StringExtension.swift */,
				04294352204D861E0019BFFA /* UIBarButtonItemExtension.swift */,
				04294353204D861E0019BFFA /* UIColorExtension.swift */,
				04294354204D861E0019BFFA /* UIDeviceExtension.swift */,
				04294355204D861E0019BFFA /* UIImageExtensions.swift */,
				04294356204D861E0019BFFA /* UIViewExtension.swift */,
			);
			path = Extension;
			sourceTree = "<group>";
		};
		04294357204D861E0019BFFA /* Model */ = {
			isa = PBXGroup;
			children = (
			);
			path = Model;
			sourceTree = "<group>";
		};
		04294378204D90DD0019BFFA /* Refresh */ = {
			isa = PBXGroup;
			children = (
				04294379204D90DD0019BFFA /* URefresh.swift */,
			);
			path = Refresh;
			sourceTree = "<group>";
		};
		0429437A204D90DD0019BFFA /* BarButtonItem */ = {
			isa = PBXGroup;
			children = (
				0429437B204D90DD0019BFFA /* UIBarButtonItemFixSpace.swift */,
			);
			path = BarButtonItem;
			sourceTree = "<group>";
		};
		0429437C204D90DD0019BFFA /* SnapKitExtension */ = {
			isa = PBXGroup;
			children = (
				0429437D204D90DD0019BFFA /* ConstraintArray+Extensions.swift */,
				0429437E204D90DD0019BFFA /* ConstraintArrayDSL.swift */,
			);
			path = SnapKitExtension;
			sourceTree = "<group>";
		};
		0429437F204D90DD0019BFFA /* HairPowder */ = {
			isa = PBXGroup;
			children = (
				04294380204D90DD0019BFFA /* UHairPowder.swift */,
			);
			path = HairPowder;
			sourceTree = "<group>";
		};
		04294381204D90DD0019BFFA /* CollectionViewLayout */ = {
			isa = PBXGroup;
			children = (
				04294382204D90DD0019BFFA /* UCollectionViewAlignedLayout.swift */,
				04294383204D90DD0019BFFA /* UCollectionViewSectionBackgroundLayout.swift */,
			);
			path = CollectionViewLayout;
			sourceTree = "<group>";
		};
		04294384204D90DD0019BFFA /* NoticeBar */ = {
			isa = PBXGroup;
			children = (
				04294385204D90DD0019BFFA /* UNoticeBar.swift */,
			);
			path = NoticeBar;
			sourceTree = "<group>";
		};
		04294386204D90DD0019BFFA /* ParallaxHeader */ = {
			isa = PBXGroup;
			children = (
				04294387204D90DD0019BFFA /* ParallaxHeader.swift */,
				04294388204D90DD0019BFFA /* ParallaxHeaderMode.swift */,
				04294389204D90DD0019BFFA /* UIScrollView+ParallaxHeader.swift */,
			);
			path = ParallaxHeader;
			sourceTree = "<group>";
		};
		0429438A204D90DD0019BFFA /* EmptyDataSet */ = {
			isa = PBXGroup;
			children = (
				0429438B204D90DD0019BFFA /* UEmptyDataSet.swift */,
			);
			path = EmptyDataSet;
			sourceTree = "<group>";
		};
		04317274204EC7B000BF854F /* Chat */ = {
			isa = PBXGroup;
			children = (
				04317275204EC7B000BF854F /* View */,
				04317276204EC7B000BF854F /* ViewController */,
				04317277204EC7B000BF854F /* ViewModel */,
			);
			path = Chat;
			sourceTree = "<group>";
		};
		04317275204EC7B000BF854F /* View */ = {
			isa = PBXGroup;
			children = (
			);
			path = View;
			sourceTree = "<group>";
		};
		04317276204EC7B000BF854F /* ViewController */ = {
			isa = PBXGroup;
			children = (
				04317286204EC9F000BF854F /* UChatViewController.swift */,
			);
			path = ViewController;
			sourceTree = "<group>";
		};
		04317277204EC7B000BF854F /* ViewModel */ = {
			isa = PBXGroup;
			children = (
			);
			path = ViewModel;
			sourceTree = "<group>";
		};
		04317278204EC7B000BF854F /* Article */ = {
			isa = PBXGroup;
			children = (
				04317279204EC7B000BF854F /* View */,
				0431727A204EC7B000BF854F /* ViewController */,
				0431727B204EC7B000BF854F /* ViewModel */,
			);
			path = Article;
			sourceTree = "<group>";
		};
		04317279204EC7B000BF854F /* View */ = {
			isa = PBXGroup;
			children = (
			);
			path = View;
			sourceTree = "<group>";
		};
		0431727A204EC7B000BF854F /* ViewController */ = {
			isa = PBXGroup;
			children = (
				04317284204EC99E00BF854F /* UArticleViewController.swift */,
				0431728C204ECDBC00BF854F /* UNewArtViewController.swift */,
				04317290204ECDDB00BF854F /* UBoutiqueViewController.swift */,
				0431728E204ECDCC00BF854F /* UHotArtViewController.swift */,
			);
			path = ViewController;
			sourceTree = "<group>";
		};
		0431727B204EC7B000BF854F /* ViewModel */ = {
			isa = PBXGroup;
			children = (
			);
			path = ViewModel;
			sourceTree = "<group>";
		};
		0431727C204EC7B100BF854F /* Live */ = {
			isa = PBXGroup;
			children = (
				0431727D204EC7B100BF854F /* View */,
				0431727E204EC7B100BF854F /* ViewController */,
				0431727F204EC7B100BF854F /* ViewModel */,
			);
			path = Live;
			sourceTree = "<group>";
		};
		0431727D204EC7B100BF854F /* View */ = {
			isa = PBXGroup;
			children = (
			);
			path = View;
			sourceTree = "<group>";
		};
		0431727E204EC7B100BF854F /* ViewController */ = {
			isa = PBXGroup;
			children = (
				04317288204ECA3F00BF854F /* ULiveViewController.swift */,
				04317292204ECF5B00BF854F /* UHotLiveViewController.swift */,
				04317294204ECF6C00BF854F /* UNewLiveViewController.swift */,
			);
			path = ViewController;
			sourceTree = "<group>";
		};
		0431727F204EC7B100BF854F /* ViewModel */ = {
			isa = PBXGroup;
			children = (
			);
			path = ViewModel;
			sourceTree = "<group>";
		};
		04317280204EC7B100BF854F /* Mine */ = {
			isa = PBXGroup;
			children = (
				04317281204EC7B100BF854F /* View */,
				04317282204EC7B100BF854F /* ViewController */,
				04317283204EC7B100BF854F /* ViewModel */,
			);
			path = Mine;
			sourceTree = "<group>";
		};
		04317281204EC7B100BF854F /* View */ = {
			isa = PBXGroup;
			children = (
			);
			path = View;
			sourceTree = "<group>";
		};
		04317282204EC7B100BF854F /* ViewController */ = {
			isa = PBXGroup;
			children = (
				0431728A204ECA5D00BF854F /* UMineViewController.swift */,
			);
			path = ViewController;
			sourceTree = "<group>";
		};
		04317283204EC7B100BF854F /* ViewModel */ = {
			isa = PBXGroup;
			children = (
			);
			path = ViewModel;
			sourceTree = "<group>";
		};
		154ECBD8118A6A2E87480BB0 /* Pods */ = {
			isa = PBXGroup;
			children = (
				EC3A253BA5B5F97A97712AB6 /* Pods-WXLApp.debug.xcconfig */,
				D3260ECFB5F56022651B4423 /* Pods-WXLApp.release.xcconfig */,
			);
			name = Pods;
			sourceTree = "<group>";
		};
		312155204D4F57D6E9DC8F17 /* Frameworks */ = {
			isa = PBXGroup;
			children = (
				748619052F62059CF67FB1E4 /* Pods_WXLApp.framework */,
			);
			name = Frameworks;
			sourceTree = "<group>";
		};
/* End PBXGroup section */

/* Begin PBXNativeTarget section */
		04294313204D7FFB0019BFFA /* WXLApp */ = {
			isa = PBXNativeTarget;
			buildConfigurationList = 0429433C204D7FFB0019BFFA /* Build configuration list for PBXNativeTarget "WXLApp" */;
			buildPhases = (
				1464DBC0F0C9AC0290ADB993 /* [CP] Check Pods Manifest.lock */,
				04294310204D7FFB0019BFFA /* Sources */,
				04294311204D7FFB0019BFFA /* Frameworks */,
				04294312204D7FFB0019BFFA /* Resources */,
				79AE0CBE100FE27018430A54 /* [CP] Embed Pods Frameworks */,
				BA726B8EEFDE54C3B9A1154B /* [CP] Copy Pods Resources */,
			);
			buildRules = (
			);
			dependencies = (
			);
			name = WXLApp;
			productName = WXLApp;
			productReference = 04294314204D7FFB0019BFFA /* WXLApp.app */;
			productType = "com.apple.product-type.application";
		};
		04294327204D7FFB0019BFFA /* WXLAppTests */ = {
			isa = PBXNativeTarget;
			buildConfigurationList = 0429433F204D7FFB0019BFFA /* Build configuration list for PBXNativeTarget "WXLAppTests" */;
			buildPhases = (
				04294324204D7FFB0019BFFA /* Sources */,
				04294325204D7FFB0019BFFA /* Frameworks */,
				04294326204D7FFB0019BFFA /* Resources */,
			);
			buildRules = (
			);
			dependencies = (
				0429432A204D7FFB0019BFFA /* PBXTargetDependency */,
			);
			name = WXLAppTests;
			productName = WXLAppTests;
			productReference = 04294328204D7FFB0019BFFA /* WXLAppTests.xctest */;
			productType = "com.apple.product-type.bundle.unit-test";
		};
		04294332204D7FFB0019BFFA /* WXLAppUITests */ = {
			isa = PBXNativeTarget;
			buildConfigurationList = 04294342204D7FFB0019BFFA /* Build configuration list for PBXNativeTarget "WXLAppUITests" */;
			buildPhases = (
				0429432F204D7FFB0019BFFA /* Sources */,
				04294330204D7FFB0019BFFA /* Frameworks */,
				04294331204D7FFB0019BFFA /* Resources */,
			);
			buildRules = (
			);
			dependencies = (
				04294335204D7FFB0019BFFA /* PBXTargetDependency */,
			);
			name = WXLAppUITests;
			productName = WXLAppUITests;
			productReference = 04294333204D7FFB0019BFFA /* WXLAppUITests.xctest */;
			productType = "com.apple.product-type.bundle.ui-testing";
		};
/* End PBXNativeTarget section */

/* Begin PBXProject section */
		0429430C204D7FFB0019BFFA /* Project object */ = {
			isa = PBXProject;
			attributes = {
				LastSwiftUpdateCheck = 0920;
				LastUpgradeCheck = 0920;
				ORGANIZATIONNAME = mjwz5294;
				TargetAttributes = {
					04294313204D7FFB0019BFFA = {
						CreatedOnToolsVersion = 9.2;
						ProvisioningStyle = Automatic;
					};
					04294327204D7FFB0019BFFA = {
						CreatedOnToolsVersion = 9.2;
						ProvisioningStyle = Automatic;
						TestTargetID = 04294313204D7FFB0019BFFA;
					};
					04294332204D7FFB0019BFFA = {
						CreatedOnToolsVersion = 9.2;
						ProvisioningStyle = Automatic;
						TestTargetID = 04294313204D7FFB0019BFFA;
					};
				};
			};
			buildConfigurationList = 0429430F204D7FFB0019BFFA /* Build configuration list for PBXProject "WXLApp" */;
			compatibilityVersion = "Xcode 8.0";
			developmentRegion = en;
			hasScannedForEncodings = 0;
			knownRegions = (
				en,
				Base,
			);
			mainGroup = 0429430B204D7FFB0019BFFA;
			productRefGroup = 04294315204D7FFB0019BFFA /* Products */;
			projectDirPath = "";
			projectRoot = "";
			targets = (
				04294313204D7FFB0019BFFA /* WXLApp */,
				04294327204D7FFB0019BFFA /* WXLAppTests */,
				04294332204D7FFB0019BFFA /* WXLAppUITests */,
			);
		};
/* End PBXProject section */

/* Begin PBXResourcesBuildPhase section */
		04294312204D7FFB0019BFFA /* Resources */ = {
			isa = PBXResourcesBuildPhase;
			buildActionMask = 2147483647;
			files = (
				04294322204D7FFB0019BFFA /* LaunchScreen.storyboard in Resources */,
				0429431F204D7FFB0019BFFA /* Assets.xcassets in Resources */,
				0429431D204D7FFB0019BFFA /* Main.storyboard in Resources */,
			);
			runOnlyForDeploymentPostprocessing = 0;
		};
		04294326204D7FFB0019BFFA /* Resources */ = {
			isa = PBXResourcesBuildPhase;
			buildActionMask = 2147483647;
			files = (
			);
			runOnlyForDeploymentPostprocessing = 0;
		};
		04294331204D7FFB0019BFFA /* Resources */ = {
			isa = PBXResourcesBuildPhase;
			buildActionMask = 2147483647;
			files = (
			);
			runOnlyForDeploymentPostprocessing = 0;
		};
/* End PBXResourcesBuildPhase section */

/* Begin PBXShellScriptBuildPhase section */
		1464DBC0F0C9AC0290ADB993 /* [CP] Check Pods Manifest.lock */ = {
			isa = PBXShellScriptBuildPhase;
			buildActionMask = 2147483647;
			files = (
			);
			inputPaths = (
				"${PODS_PODFILE_DIR_PATH}/Podfile.lock",
				"${PODS_ROOT}/Manifest.lock",
			);
			name = "[CP] Check Pods Manifest.lock";
			outputPaths = (
				"$(DERIVED_FILE_DIR)/Pods-WXLApp-checkManifestLockResult.txt",
			);
			runOnlyForDeploymentPostprocessing = 0;
			shellPath = /bin/sh;
			shellScript = "diff \"${PODS_PODFILE_DIR_PATH}/Podfile.lock\" \"${PODS_ROOT}/Manifest.lock\" > /dev/null\nif [ $? != 0 ] ; then\n    # print error to STDERR\n    echo \"error: The sandbox is not in sync with the Podfile.lock. Run 'pod install' or update your CocoaPods installation.\" >&2\n    exit 1\nfi\n# This output is used by Xcode 'outputs' to avoid re-running this script phase.\necho \"SUCCESS\" > \"${SCRIPT_OUTPUT_FILE_0}\"\n";
			showEnvVarsInLog = 0;
		};
		79AE0CBE100FE27018430A54 /* [CP] Embed Pods Frameworks */ = {
			isa = PBXShellScriptBuildPhase;
			buildActionMask = 2147483647;
			files = (
			);
			inputPaths = (
				"${SRCROOT}/Pods/Target Support Files/Pods-WXLApp/Pods-WXLApp-frameworks.sh",
				"${BUILT_PRODUCTS_DIR}/Alamofire/Alamofire.framework",
				"${BUILT_PRODUCTS_DIR}/EmptyDataSet-Swift/EmptyDataSet_Swift.framework",
				"${BUILT_PRODUCTS_DIR}/HMSegmentedControl/HMSegmentedControl.framework",
				"${BUILT_PRODUCTS_DIR}/HandyJSON/HandyJSON.framework",
				"${BUILT_PRODUCTS_DIR}/IQKeyboardManagerSwift/IQKeyboardManagerSwift.framework",
				"${BUILT_PRODUCTS_DIR}/Kingfisher/Kingfisher.framework",
				"${BUILT_PRODUCTS_DIR}/LLCycleScrollView/LLCycleScrollView.framework",
				"${BUILT_PRODUCTS_DIR}/MBProgressHUD/MBProgressHUD.framework",
				"${BUILT_PRODUCTS_DIR}/MJRefresh/MJRefresh.framework",
				"${BUILT_PRODUCTS_DIR}/Moya/Moya.framework",
				"${BUILT_PRODUCTS_DIR}/Result/Result.framework",
				"${BUILT_PRODUCTS_DIR}/Reusable/Reusable.framework",
				"${BUILT_PRODUCTS_DIR}/SnapKit/SnapKit.framework",
				"${BUILT_PRODUCTS_DIR}/Then/Then.framework",
			);
			name = "[CP] Embed Pods Frameworks";
			outputPaths = (
				"${TARGET_BUILD_DIR}/${FRAMEWORKS_FOLDER_PATH}/Alamofire.framework",
				"${TARGET_BUILD_DIR}/${FRAMEWORKS_FOLDER_PATH}/EmptyDataSet_Swift.framework",
				"${TARGET_BUILD_DIR}/${FRAMEWORKS_FOLDER_PATH}/HMSegmentedControl.framework",
				"${TARGET_BUILD_DIR}/${FRAMEWORKS_FOLDER_PATH}/HandyJSON.framework",
				"${TARGET_BUILD_DIR}/${FRAMEWORKS_FOLDER_PATH}/IQKeyboardManagerSwift.framework",
				"${TARGET_BUILD_DIR}/${FRAMEWORKS_FOLDER_PATH}/Kingfisher.framework",
				"${TARGET_BUILD_DIR}/${FRAMEWORKS_FOLDER_PATH}/LLCycleScrollView.framework",
				"${TARGET_BUILD_DIR}/${FRAMEWORKS_FOLDER_PATH}/MBProgressHUD.framework",
				"${TARGET_BUILD_DIR}/${FRAMEWORKS_FOLDER_PATH}/MJRefresh.framework",
				"${TARGET_BUILD_DIR}/${FRAMEWORKS_FOLDER_PATH}/Moya.framework",
				"${TARGET_BUILD_DIR}/${FRAMEWORKS_FOLDER_PATH}/Result.framework",
				"${TARGET_BUILD_DIR}/${FRAMEWORKS_FOLDER_PATH}/Reusable.framework",
				"${TARGET_BUILD_DIR}/${FRAMEWORKS_FOLDER_PATH}/SnapKit.framework",
				"${TARGET_BUILD_DIR}/${FRAMEWORKS_FOLDER_PATH}/Then.framework",
			);
			runOnlyForDeploymentPostprocessing = 0;
			shellPath = /bin/sh;
			shellScript = "\"${SRCROOT}/Pods/Target Support Files/Pods-WXLApp/Pods-WXLApp-frameworks.sh\"\n";
			showEnvVarsInLog = 0;
		};
		BA726B8EEFDE54C3B9A1154B /* [CP] Copy Pods Resources */ = {
			isa = PBXShellScriptBuildPhase;
			buildActionMask = 2147483647;
			files = (
			);
			inputPaths = (
			);
			name = "[CP] Copy Pods Resources";
			outputPaths = (
			);
			runOnlyForDeploymentPostprocessing = 0;
			shellPath = /bin/sh;
			shellScript = "\"${SRCROOT}/Pods/Target Support Files/Pods-WXLApp/Pods-WXLApp-resources.sh\"\n";
			showEnvVarsInLog = 0;
		};
/* End PBXShellScriptBuildPhase section */

/* Begin PBXSourcesBuildPhase section */
		04294310204D7FFB0019BFFA /* Sources */ = {
			isa = PBXSourcesBuildPhase;
			buildActionMask = 2147483647;
			files = (
				0431728F204ECDCC00BF854F /* UHotArtViewController.swift in Sources */,
				04317285204EC99E00BF854F /* UArticleViewController.swift in Sources */,
				04294375204D8EB00019BFFA /* UPageViewController.swift in Sources */,
				04294392204D90DD0019BFFA /* UCollectionViewSectionBackgroundLayout.swift in Sources */,
				04294390204D90DD0019BFFA /* UHairPowder.swift in Sources */,
				04294361204D861E0019BFFA /* UIViewExtension.swift in Sources */,
				04294371204D8EB00019BFFA /* UBaseViewController.swift in Sources */,
				04294360204D861E0019BFFA /* UIImageExtensions.swift in Sources */,
				04294374204D8EB00019BFFA /* UTabBarController.swift in Sources */,
				04294373204D8EB00019BFFA /* UWebViewController.swift in Sources */,
				0429435A204D861E0019BFFA /* DictionaryExtension.swift in Sources */,
				04317291204ECDDB00BF854F /* UBoutiqueViewController.swift in Sources */,
				0429435E204D861E0019BFFA /* UIColorExtension.swift in Sources */,
				04317287204EC9F000BF854F /* UChatViewController.swift in Sources */,
				04294377204D8FE90019BFFA /* Global.swift in Sources */,
				0429435B204D861E0019BFFA /* DispatchQueueExtension.swift in Sources */,
				0431728B204ECA5D00BF854F /* UMineViewController.swift in Sources */,
				0429435D204D861E0019BFFA /* UIBarButtonItemExtension.swift in Sources */,
				04317295204ECF6C00BF854F /* UNewLiveViewController.swift in Sources */,
				0429438D204D90DD0019BFFA /* UIBarButtonItemFixSpace.swift in Sources */,
				04294391204D90DD0019BFFA /* UCollectionViewAlignedLayout.swift in Sources */,
				0431728D204ECDBC00BF854F /* UNewArtViewController.swift in Sources */,
				0429435C204D861E0019BFFA /* StringExtension.swift in Sources */,
				04317293204ECF5B00BF854F /* UHotLiveViewController.swift in Sources */,
				04294397204D90DD0019BFFA /* UEmptyDataSet.swift in Sources */,
				0429435F204D861E0019BFFA /* UIDeviceExtension.swift in Sources */,
				0429438F204D90DD0019BFFA /* ConstraintArrayDSL.swift in Sources */,
				04294358204D861E0019BFFA /* AppDelegate.swift in Sources */,
				04294394204D90DD0019BFFA /* ParallaxHeader.swift in Sources */,
				04294395204D90DD0019BFFA /* ParallaxHeaderMode.swift in Sources */,
				04317289204ECA3F00BF854F /* ULiveViewController.swift in Sources */,
				04294396204D90DD0019BFFA /* UIScrollView+ParallaxHeader.swift in Sources */,
				0429438E204D90DD0019BFFA /* ConstraintArray+Extensions.swift in Sources */,
				04294359204D861E0019BFFA /* ArrayExtensions.swift in Sources */,
				04294372204D8EB00019BFFA /* UNavigationController.swift in Sources */,
				0429438C204D90DD0019BFFA /* URefresh.swift in Sources */,
				04294393204D90DD0019BFFA /* UNoticeBar.swift in Sources */,
			);
			runOnlyForDeploymentPostprocessing = 0;
		};
		04294324204D7FFB0019BFFA /* Sources */ = {
			isa = PBXSourcesBuildPhase;
			buildActionMask = 2147483647;
			files = (
				0429432D204D7FFB0019BFFA /* WXLAppTests.swift in Sources */,
			);
			runOnlyForDeploymentPostprocessing = 0;
		};
		0429432F204D7FFB0019BFFA /* Sources */ = {
			isa = PBXSourcesBuildPhase;
			buildActionMask = 2147483647;
			files = (
				04294338204D7FFB0019BFFA /* WXLAppUITests.swift in Sources */,
			);
			runOnlyForDeploymentPostprocessing = 0;
		};
/* End PBXSourcesBuildPhase section */

/* Begin PBXTargetDependency section */
		0429432A204D7FFB0019BFFA /* PBXTargetDependency */ = {
			isa = PBXTargetDependency;
			target = 04294313204D7FFB0019BFFA /* WXLApp */;
			targetProxy = 04294329204D7FFB0019BFFA /* PBXContainerItemProxy */;
		};
		04294335204D7FFB0019BFFA /* PBXTargetDependency */ = {
			isa = PBXTargetDependency;
			target = 04294313204D7FFB0019BFFA /* WXLApp */;
			targetProxy = 04294334204D7FFB0019BFFA /* PBXContainerItemProxy */;
		};
/* End PBXTargetDependency section */

/* Begin PBXVariantGroup section */
		0429431B204D7FFB0019BFFA /* Main.storyboard */ = {
			isa = PBXVariantGroup;
			children = (
				0429431C204D7FFB0019BFFA /* Base */,
			);
			name = Main.storyboard;
			sourceTree = "<group>";
		};
		04294320204D7FFB0019BFFA /* LaunchScreen.storyboard */ = {
			isa = PBXVariantGroup;
			children = (
				04294321204D7FFB0019BFFA /* Base */,
			);
			name = LaunchScreen.storyboard;
			sourceTree = "<group>";
		};
/* End PBXVariantGroup section */

/* Begin XCBuildConfiguration section */
		0429433A204D7FFB0019BFFA /* Debug */ = {
			isa = XCBuildConfiguration;
			buildSettings = {
				ALWAYS_SEARCH_USER_PATHS = NO;
				CLANG_ANALYZER_NONNULL = YES;
				CLANG_ANALYZER_NUMBER_OBJECT_CONVERSION = YES_AGGRESSIVE;
				CLANG_CXX_LANGUAGE_STANDARD = "gnu++14";
				CLANG_CXX_LIBRARY = "libc++";
				CLANG_ENABLE_MODULES = YES;
				CLANG_ENABLE_OBJC_ARC = YES;
				CLANG_WARN_BLOCK_CAPTURE_AUTORELEASING = YES;
				CLANG_WARN_BOOL_CONVERSION = YES;
				CLANG_WARN_COMMA = YES;
				CLANG_WARN_CONSTANT_CONVERSION = YES;
				CLANG_WARN_DIRECT_OBJC_ISA_USAGE = YES_ERROR;
				CLANG_WARN_DOCUMENTATION_COMMENTS = YES;
				CLANG_WARN_EMPTY_BODY = YES;
				CLANG_WARN_ENUM_CONVERSION = YES;
				CLANG_WARN_INFINITE_RECURSION = YES;
				CLANG_WARN_INT_CONVERSION = YES;
				CLANG_WARN_NON_LITERAL_NULL_CONVERSION = YES;
				CLANG_WARN_OBJC_LITERAL_CONVERSION = YES;
				CLANG_WARN_OBJC_ROOT_CLASS = YES_ERROR;
				CLANG_WARN_RANGE_LOOP_ANALYSIS = YES;
				CLANG_WARN_STRICT_PROTOTYPES = YES;
				CLANG_WARN_SUSPICIOUS_MOVE = YES;
				CLANG_WARN_UNGUARDED_AVAILABILITY = YES_AGGRESSIVE;
				CLANG_WARN_UNREACHABLE_CODE = YES;
				CLANG_WARN__DUPLICATE_METHOD_MATCH = YES;
				CODE_SIGN_IDENTITY = "iPhone Developer";
				COPY_PHASE_STRIP = NO;
				DEBUG_INFORMATION_FORMAT = dwarf;
				ENABLE_STRICT_OBJC_MSGSEND = YES;
				ENABLE_TESTABILITY = YES;
				GCC_C_LANGUAGE_STANDARD = gnu11;
				GCC_DYNAMIC_NO_PIC = NO;
				GCC_NO_COMMON_BLOCKS = YES;
				GCC_OPTIMIZATION_LEVEL = 0;
				GCC_PREPROCESSOR_DEFINITIONS = (
					"DEBUG=1",
					"$(inherited)",
				);
				GCC_WARN_64_TO_32_BIT_CONVERSION = YES;
				GCC_WARN_ABOUT_RETURN_TYPE = YES_ERROR;
				GCC_WARN_UNDECLARED_SELECTOR = YES;
				GCC_WARN_UNINITIALIZED_AUTOS = YES_AGGRESSIVE;
				GCC_WARN_UNUSED_FUNCTION = YES;
				GCC_WARN_UNUSED_VARIABLE = YES;
				IPHONEOS_DEPLOYMENT_TARGET = 11.2;
				MTL_ENABLE_DEBUG_INFO = YES;
				ONLY_ACTIVE_ARCH = YES;
				SDKROOT = iphoneos;
				SWIFT_ACTIVE_COMPILATION_CONDITIONS = DEBUG;
				SWIFT_OPTIMIZATION_LEVEL = "-Onone";
			};
			name = Debug;
		};
		0429433B204D7FFB0019BFFA /* Release */ = {
			isa = XCBuildConfiguration;
			buildSettings = {
				ALWAYS_SEARCH_USER_PATHS = NO;
				CLANG_ANALYZER_NONNULL = YES;
				CLANG_ANALYZER_NUMBER_OBJECT_CONVERSION = YES_AGGRESSIVE;
				CLANG_CXX_LANGUAGE_STANDARD = "gnu++14";
				CLANG_CXX_LIBRARY = "libc++";
				CLANG_ENABLE_MODULES = YES;
				CLANG_ENABLE_OBJC_ARC = YES;
				CLANG_WARN_BLOCK_CAPTURE_AUTORELEASING = YES;
				CLANG_WARN_BOOL_CONVERSION = YES;
				CLANG_WARN_COMMA = YES;
				CLANG_WARN_CONSTANT_CONVERSION = YES;
				CLANG_WARN_DIRECT_OBJC_ISA_USAGE = YES_ERROR;
				CLANG_WARN_DOCUMENTATION_COMMENTS = YES;
				CLANG_WARN_EMPTY_BODY = YES;
				CLANG_WARN_ENUM_CONVERSION = YES;
				CLANG_WARN_INFINITE_RECURSION = YES;
				CLANG_WARN_INT_CONVERSION = YES;
				CLANG_WARN_NON_LITERAL_NULL_CONVERSION = YES;
				CLANG_WARN_OBJC_LITERAL_CONVERSION = YES;
				CLANG_WARN_OBJC_ROOT_CLASS = YES_ERROR;
				CLANG_WARN_RANGE_LOOP_ANALYSIS = YES;
				CLANG_WARN_STRICT_PROTOTYPES = YES;
				CLANG_WARN_SUSPICIOUS_MOVE = YES;
				CLANG_WARN_UNGUARDED_AVAILABILITY = YES_AGGRESSIVE;
				CLANG_WARN_UNREACHABLE_CODE = YES;
				CLANG_WARN__DUPLICATE_METHOD_MATCH = YES;
				CODE_SIGN_IDENTITY = "iPhone Developer";
				COPY_PHASE_STRIP = NO;
				DEBUG_INFORMATION_FORMAT = "dwarf-with-dsym";
				ENABLE_NS_ASSERTIONS = NO;
				ENABLE_STRICT_OBJC_MSGSEND = YES;
				GCC_C_LANGUAGE_STANDARD = gnu11;
				GCC_NO_COMMON_BLOCKS = YES;
				GCC_WARN_64_TO_32_BIT_CONVERSION = YES;
				GCC_WARN_ABOUT_RETURN_TYPE = YES_ERROR;
				GCC_WARN_UNDECLARED_SELECTOR = YES;
				GCC_WARN_UNINITIALIZED_AUTOS = YES_AGGRESSIVE;
				GCC_WARN_UNUSED_FUNCTION = YES;
				GCC_WARN_UNUSED_VARIABLE = YES;
				IPHONEOS_DEPLOYMENT_TARGET = 11.2;
				MTL_ENABLE_DEBUG_INFO = NO;
				SDKROOT = iphoneos;
				SWIFT_OPTIMIZATION_LEVEL = "-Owholemodule";
				VALIDATE_PRODUCT = YES;
			};
			name = Release;
		};
		0429433D204D7FFB0019BFFA /* Debug */ = {
			isa = XCBuildConfiguration;
			baseConfigurationReference = EC3A253BA5B5F97A97712AB6 /* Pods-WXLApp.debug.xcconfig */;
			buildSettings = {
				ASSETCATALOG_COMPILER_APPICON_NAME = AppIcon;
				CODE_SIGN_STYLE = Automatic;
				DEVELOPMENT_TEAM = TU5QH7P4TH;
				INFOPLIST_FILE = WXLApp/Info.plist;
				LD_RUNPATH_SEARCH_PATHS = "$(inherited) @executable_path/Frameworks";
				PRODUCT_BUNDLE_IDENTIFIER = mjwz5294.WXLApp;
				PRODUCT_NAME = "$(TARGET_NAME)";
				SWIFT_VERSION = 4.0;
				TARGETED_DEVICE_FAMILY = "1,2";
			};
			name = Debug;
		};
		0429433E204D7FFB0019BFFA /* Release */ = {
			isa = XCBuildConfiguration;
			baseConfigurationReference = D3260ECFB5F56022651B4423 /* Pods-WXLApp.release.xcconfig */;
			buildSettings = {
				ASSETCATALOG_COMPILER_APPICON_NAME = AppIcon;
				CODE_SIGN_STYLE = Automatic;
				DEVELOPMENT_TEAM = TU5QH7P4TH;
				INFOPLIST_FILE = WXLApp/Info.plist;
				LD_RUNPATH_SEARCH_PATHS = "$(inherited) @executable_path/Frameworks";
				PRODUCT_BUNDLE_IDENTIFIER = mjwz5294.WXLApp;
				PRODUCT_NAME = "$(TARGET_NAME)";
				SWIFT_VERSION = 4.0;
				TARGETED_DEVICE_FAMILY = "1,2";
			};
			name = Release;
		};
		04294340204D7FFB0019BFFA /* Debug */ = {
			isa = XCBuildConfiguration;
			buildSettings = {
				ALWAYS_EMBED_SWIFT_STANDARD_LIBRARIES = YES;
				BUNDLE_LOADER = "$(TEST_HOST)";
				CODE_SIGN_STYLE = Automatic;
				DEVELOPMENT_TEAM = TU5QH7P4TH;
				INFOPLIST_FILE = WXLAppTests/Info.plist;
				LD_RUNPATH_SEARCH_PATHS = "$(inherited) @executable_path/Frameworks @loader_path/Frameworks";
				PRODUCT_BUNDLE_IDENTIFIER = mjwz5294.WXLAppTests;
				PRODUCT_NAME = "$(TARGET_NAME)";
				SWIFT_VERSION = 4.0;
				TARGETED_DEVICE_FAMILY = "1,2";
				TEST_HOST = "$(BUILT_PRODUCTS_DIR)/WXLApp.app/WXLApp";
			};
			name = Debug;
		};
		04294341204D7FFB0019BFFA /* Release */ = {
			isa = XCBuildConfiguration;
			buildSettings = {
				ALWAYS_EMBED_SWIFT_STANDARD_LIBRARIES = YES;
				BUNDLE_LOADER = "$(TEST_HOST)";
				CODE_SIGN_STYLE = Automatic;
				DEVELOPMENT_TEAM = TU5QH7P4TH;
				INFOPLIST_FILE = WXLAppTests/Info.plist;
				LD_RUNPATH_SEARCH_PATHS = "$(inherited) @executable_path/Frameworks @loader_path/Frameworks";
				PRODUCT_BUNDLE_IDENTIFIER = mjwz5294.WXLAppTests;
				PRODUCT_NAME = "$(TARGET_NAME)";
				SWIFT_VERSION = 4.0;
				TARGETED_DEVICE_FAMILY = "1,2";
				TEST_HOST = "$(BUILT_PRODUCTS_DIR)/WXLApp.app/WXLApp";
			};
			name = Release;
		};
		04294343204D7FFB0019BFFA /* Debug */ = {
			isa = XCBuildConfiguration;
			buildSettings = {
				ALWAYS_EMBED_SWIFT_STANDARD_LIBRARIES = YES;
				CODE_SIGN_STYLE = Automatic;
				DEVELOPMENT_TEAM = TU5QH7P4TH;
				INFOPLIST_FILE = WXLAppUITests/Info.plist;
				LD_RUNPATH_SEARCH_PATHS = "$(inherited) @executable_path/Frameworks @loader_path/Frameworks";
				PRODUCT_BUNDLE_IDENTIFIER = mjwz5294.WXLAppUITests;
				PRODUCT_NAME = "$(TARGET_NAME)";
				SWIFT_VERSION = 4.0;
				TARGETED_DEVICE_FAMILY = "1,2";
				TEST_TARGET_NAME = WXLApp;
			};
			name = Debug;
		};
		04294344204D7FFB0019BFFA /* Release */ = {
			isa = XCBuildConfiguration;
			buildSettings = {
				ALWAYS_EMBED_SWIFT_STANDARD_LIBRARIES = YES;
				CODE_SIGN_STYLE = Automatic;
				DEVELOPMENT_TEAM = TU5QH7P4TH;
				INFOPLIST_FILE = WXLAppUITests/Info.plist;
				LD_RUNPATH_SEARCH_PATHS = "$(inherited) @executable_path/Frameworks @loader_path/Frameworks";
				PRODUCT_BUNDLE_IDENTIFIER = mjwz5294.WXLAppUITests;
				PRODUCT_NAME = "$(TARGET_NAME)";
				SWIFT_VERSION = 4.0;
				TARGETED_DEVICE_FAMILY = "1,2";
				TEST_TARGET_NAME = WXLApp;
			};
			name = Release;
		};
/* End XCBuildConfiguration section */

/* Begin XCConfigurationList section */
		0429430F204D7FFB0019BFFA /* Build configuration list for PBXProject "WXLApp" */ = {
			isa = XCConfigurationList;
			buildConfigurations = (
				0429433A204D7FFB0019BFFA /* Debug */,
				0429433B204D7FFB0019BFFA /* Release */,
			);
			defaultConfigurationIsVisible = 0;
			defaultConfigurationName = Release;
		};
		0429433C204D7FFB0019BFFA /* Build configuration list for PBXNativeTarget "WXLApp" */ = {
			isa = XCConfigurationList;
			buildConfigurations = (
				0429433D204D7FFB0019BFFA /* Debug */,
				0429433E204D7FFB0019BFFA /* Release */,
			);
			defaultConfigurationIsVisible = 0;
			defaultConfigurationName = Release;
		};
		0429433F204D7FFB0019BFFA /* Build configuration list for PBXNativeTarget "WXLAppTests" */ = {
			isa = XCConfigurationList;
			buildConfigurations = (
				04294340204D7FFB0019BFFA /* Debug */,
				04294341204D7FFB0019BFFA /* Release */,
			);
			defaultConfigurationIsVisible = 0;
			defaultConfigurationName = Release;
		};
		04294342204D7FFB0019BFFA /* Build configuration list for PBXNativeTarget "WXLAppUITests" */ = {
			isa = XCConfigurationList;
			buildConfigurations = (
				04294343204D7FFB0019BFFA /* Debug */,
				04294344204D7FFB0019BFFA /* Release */,
			);
			defaultConfigurationIsVisible = 0;
			defaultConfigurationName = Release;
		};
/* End XCConfigurationList section */
	};
	rootObject = 0429430C204D7FFB0019BFFA /* Project object */;
}
